
Microsoft Visual Studio Solution File, Format Version 12.00
# Visual Studio Version 17
VisualStudioVersion = 17.14.37203.1 d17.14
MinimumVisualStudioVersion = 10.0.40219.1
Project("{FAE04EC0-301F-11D3-BF4B-00C04F79EFBC}") = "BebidasTicasPedidos", "BebidasTicasPedidos\BebidasTicasPedidos.csproj", "{DA85EEBB-854C-471E-9204-A668DF374E22}"
EndProject
Global
	GlobalSection(SolutionConfigurationPlatforms) = preSolution
		Debug|Any CPU = Debug|Any CPU
		Release|Any CPU = Release|Any CPU
	EndGlobalSection
	GlobalSection(ProjectConfigurationPlatforms) = postSolution
		{DA85EEBB-854C-471E-9204-A668DF374E22}.Debug|Any CPU.ActiveCfg = Debug|Any CPU
		{DA85EEBB-854C-471E-9204-A668DF374E22}.Debug|Any CPU.Build.0 = Debug|Any CPU
		{DA85EEBB-854C-471E-9204-A668DF374E22}.Release|Any CPU.ActiveCfg = Release|Any CPU
		{DA85EEBB-854C-471E-9204-A668DF374E22}.Release|Any CPU.Build.0 = Release|Any CPU
	EndGlobalSection
	GlobalSection(SolutionProperties) = preSolution
		HideSolutionNode = FALSE
	EndGlobalSection
	GlobalSection(ExtensibilityGlobals) = postSolution
		SolutionGuid = {CBBC2881-6E39-4807-9952-2EC123763F13}
	EndGlobalSection
EndGlobal
